
Microsoft Visual Studio Solution File, Format Version 12.00
# Visual Studio Version 17
VisualStudioVersion = 17.4.33103.184
MinimumVisualStudioVersion = 10.0.40219.1
Project("{FAE04EC0-301F-11D3-BF4B-00C04F79EFBC}") = "WordLib", "WordLib\WordLib.csproj", "{891F1115-E68A-4F41-9CBD-87D63D73B667}"
EndProject
Global
	GlobalSection(SolutionConfigurationPlatforms) = preSolution
		Debug|Any CPU = Debug|Any CPU
		Release|Any CPU = Release|Any CPU
	EndGlobalSection
	GlobalSection(ProjectConfigurationPlatforms) = postSolution
		{891F1115-E68A-4F41-9CBD-87D63D73B667}.Debug|Any CPU.ActiveCfg = Debug|Any CPU
		{891F1115-E68A-4F41-9CBD-87D63D73B667}.Debug|Any CPU.Build.0 = Debug|Any CPU
		{891F1115-E68A-4F41-9CBD-87D63D73B667}.Release|Any CPU.ActiveCfg = Release|Any CPU
		{891F1115-E68A-4F41-9CBD-87D63D73B667}.Release|Any CPU.Build.0 = Release|Any CPU
	EndGlobalSection
	GlobalSection(SolutionProperties) = preSolution
		HideSolutionNode = FALSE
	EndGlobalSection
	GlobalSection(ExtensibilityGlobals) = postSolution
		SolutionGuid = {8401B7FC-EE5E-47BC-A137-725242BC962A}
	EndGlobalSection
EndGlobal
